
Microsoft Visual Studio Solution File, Format Version 12.00
# Visual Studio Version 16
VisualStudioVersion = 16.0.31702.278
MinimumVisualStudioVersion = 10.0.40219.1
Project("{9A19103F-16F7-4668-BE54-9A1E7A4F7556}") = "KanyeRest-APIandJSONExercise", "KanyeWest-APIandJSONExercise\KanyeRest-APIandJSONExercise.csproj", "{E2926721-3EE6-47B7-AD95-62B77B468787}"
EndProject
Global
	GlobalSection(SolutionConfigurationPlatforms) = preSolution
		Debug|Any CPU = Debug|Any CPU
		Release|Any CPU = Release|Any CPU
	EndGlobalSection
	GlobalSection(ProjectConfigurationPlatforms) = postSolution
		{E2926721-3EE6-47B7-AD95-62B77B468787}.Debug|Any CPU.ActiveCfg = Debug|Any CPU
		{E2926721-3EE6-47B7-AD95-62B77B468787}.Debug|Any CPU.Build.0 = Debug|Any CPU
		{E2926721-3EE6-47B7-AD95-62B77B468787}.Release|Any CPU.ActiveCfg = Release|Any CPU
		{E2926721-3EE6-47B7-AD95-62B77B468787}.Release|Any CPU.Build.0 = Release|Any CPU
	EndGlobalSection
	GlobalSection(SolutionProperties) = preSolution
		HideSolutionNode = FALSE
	EndGlobalSection
	GlobalSection(ExtensibilityGlobals) = postSolution
		SolutionGuid = {CC5B27A3-C553-4936-A16E-287AFE87274D}
	EndGlobalSection
EndGlobal
